{
    "_readme": [
        "This file locks the dependencies of your project to a known state",
        "Read more about it at https://getcomposer.org/doc/01-basic-usage.md#composer-lock-the-lock-file",
        "This file is @generated automatically"
    ],
    "content-hash": "6f2f206884a59ac33b6cb58d686b7fe3",
    "packages": [
        {
            "name": "lcobucci/jwt",
            "version": "3.2.1",
            "source": {
                "type": "git",
                "url": "https://github.com/lcobucci/jwt.git",
                "reference": "ddce703826f9c5229781933b1a39069e38e6a0f3"
            },
            "dist": {
                "type": "zip",
                "url": "https://files.phpcomposer.com/files/lcobucci/jwt/ddce703826f9c5229781933b1a39069e38e6a0f3.zip",
                "reference": "ddce703826f9c5229781933b1a39069e38e6a0f3",
                "shasum": ""
            },
            "require": {
                "ext-openssl": "*",
                "php": ">=5.5"
            },
            "require-dev": {
                "mdanter/ecc": "~0.3.1",
                "mikey179/vfsstream": "~1.5",
                "phpmd/phpmd": "~2.2",
                "phpunit/php-invoker": "~1.1",
                "phpunit/phpunit": "~4.5",
                "squizlabs/php_codesniffer": "~2.3"
            },
            "suggest": {
                "mdanter/ecc": "Required to use Elliptic Curves based algorithms."
            },
            "type": "library",
            "extra": {
                "branch-alias": {
                    "dev-master": "3.1-dev"
                }
            },
            "autoload": {
                "psr-4": {
                    "Lcobucci\\JWT\\": "src"
                }
            },
            "notification-url": "https://packagist.org/downloads/",
            "license": [
                "BSD-3-Clause"
            ],
            "authors": [
                {
                    "name": "Luís Otávio Cobucci Oblonczyk",
                    "email": "lcobucci@gmail.com",
                    "role": "Developer"
                }
            ],
            "description": "A simple library to work with JSON Web Token and JSON Web Signature",
            "keywords": [
                "JWS",
                "jwt"
            ],
            "time": "2016-10-31T20:09:32+00:00"
        },
        {
            "name": "league/event",
            "version": "2.1.2",
            "source": {
                "type": "git",
                "url": "https://github.com/thephpleague/event.git",
                "reference": "e4bfc88dbcb60c8d8a2939a71f9813e141bbe4cd"
            },
            "dist": {
                "type": "zip",
                "url": "https://files.phpcomposer.com/files/thephpleague/event/e4bfc88dbcb60c8d8a2939a71f9813e141bbe4cd.zip",
                "reference": "e4bfc88dbcb60c8d8a2939a71f9813e141bbe4cd",
                "shasum": ""
            },
            "require": {
                "php": ">=5.4.0"
            },
            "require-dev": {
                "henrikbjorn/phpspec-code-coverage": "~1.0.1",
                "phpspec/phpspec": "~2.0.0"
            },
            "type": "library",
            "extra": {
                "branch-alias": {
                    "dev-master": "2.2-dev"
                }
            },
            "autoload": {
                "psr-4": {
                    "League\\Event\\": "src/"
                }
            },
            "notification-url": "https://packagist.org/downloads/",
            "license": [
                "MIT"
            ],
            "authors": [
                {
                    "name": "Frank de Jonge",
                    "email": "info@frenky.net"
                }
            ],
            "description": "Event package",
            "keywords": [
                "emitter",
                "event",
                "listener"
            ],
            "time": "2015-05-21T12:24:47+00:00"
        },
        {
            "name": "league/oauth2-server",
            "version": "5.1.3",
            "source": {
                "type": "git",
                "url": "https://github.com/thephpleague/oauth2-server.git",
                "reference": "f78dc2eca0774ec3958bbcf9b2a23d5ae61fb5aa"
            },
            "dist": {
                "type": "zip",
                "url": "https://files.phpcomposer.com/files/thephpleague/oauth2-server/f78dc2eca0774ec3958bbcf9b2a23d5ae61fb5aa.zip",
                "reference": "f78dc2eca0774ec3958bbcf9b2a23d5ae61fb5aa",
                "shasum": ""
            },
            "require": {
                "ext-openssl": "*",
                "lcobucci/jwt": "^3.1",
                "league/event": "^2.1",
                "paragonie/random_compat": "^1.1 || ^2.0",
                "php": ">=5.5.9",
                "psr/http-message": "^1.0"
            },
            "replace": {
                "league/oauth2server": "*",
                "lncd/oauth2": "*"
            },
            "require-dev": {
                "indigophp/hash-compat": "^1.1",
                "phpunit/phpunit": "^4.8 || ^5.0",
                "zendframework/zend-diactoros": "^1.0"
            },
            "suggest": {
                "indigophp/hash-compat": "Polyfill for hash_equals function for PHP 5.5"
            },
            "type": "library",
            "extra": {
                "branch-alias": {
                    "dev-V5-WIP": "5.0-dev"
                }
            },
            "autoload": {
                "psr-4": {
                    "League\\OAuth2\\Server\\": "src/"
                }
            },
            "notification-url": "https://packagist.org/downloads/",
            "license": [
                "MIT"
            ],
            "authors": [
                {
                    "name": "Alex Bilbie",
                    "email": "hello@alexbilbie.com",
                    "homepage": "http://www.alexbilbie.com",
                    "role": "Developer"
                }
            ],
            "description": "A lightweight and powerful OAuth 2.0 authorization and resource server library with support for all the core specification grants. This library will allow you to secure your API with OAuth and allow your applications users to approve apps that want to access their data from your API.",
            "homepage": "https://oauth2.thephpleague.com/",
            "keywords": [
                "Authentication",
                "api",
                "auth",
                "authorisation",
                "authorization",
                "oauth",
                "oauth 2",
                "oauth 2.0",
                "oauth2",
                "protect",
                "resource",
                "secure",
                "server"
            ],
            "time": "2016-10-12T14:08:15+00:00"
        },
        {
            "name": "paragonie/random_compat",
            "version": "v2.0.10",
            "source": {
                "type": "git",
                "url": "https://github.com/paragonie/random_compat.git",
                "reference": "634bae8e911eefa89c1abfbf1b66da679ac8f54d"
            },
            "dist": {
                "type": "zip",
                "url": "https://files.phpcomposer.com/files/paragonie/random_compat/634bae8e911eefa89c1abfbf1b66da679ac8f54d.zip",
                "reference": "634bae8e911eefa89c1abfbf1b66da679ac8f54d",
                "shasum": ""
            },
            "require": {
                "php": ">=5.2.0"
            },
            "require-dev": {
                "phpunit/phpunit": "4.*|5.*"
            },
            "suggest": {
                "ext-libsodium": "Provides a modern crypto API that can be used to generate random bytes."
            },
            "type": "library",
            "autoload": {
                "files": [
                    "lib/random.php"
                ]
            },
            "notification-url": "https://packagist.org/downloads/",
            "license": [
                "MIT"
            ],
            "authors": [
                {
                    "name": "Paragon Initiative Enterprises",
                    "email": "security@paragonie.com",
                    "homepage": "https://paragonie.com"
                }
            ],
            "description": "PHP 5.x polyfill for random_bytes() and random_int() from PHP 7",
            "keywords": [
                "csprng",
                "pseudorandom",
                "random"
            ],
            "time": "2017-03-13T16:27:32+00:00"
        },
        {
            "name": "psr/http-message",
            "version": "1.0.1",
            "source": {
                "type": "git",
                "url": "https://github.com/php-fig/http-message.git",
                "reference": "f6561bf28d520154e4b0ec72be95418abe6d9363"
            },
            "dist": {
                "type": "zip",
                "url": "https://files.phpcomposer.com/files/php-fig/http-message/f6561bf28d520154e4b0ec72be95418abe6d9363.zip",
                "reference": "f6561bf28d520154e4b0ec72be95418abe6d9363",
                "shasum": ""
            },
            "require": {
                "php": ">=5.3.0"
            },
            "type": "library",
            "extra": {
                "branch-alias": {
                    "dev-master": "1.0.x-dev"
                }
            },
            "autoload": {
                "psr-4": {
                    "Psr\\Http\\Message\\": "src/"
                }
            },
            "notification-url": "https://packagist.org/downloads/",
            "license": [
                "MIT"
            ],
            "authors": [
                {
                    "name": "PHP-FIG",
                    "homepage": "http://www.php-fig.org/"
                }
            ],
            "description": "Common interface for HTTP messages",
            "homepage": "https://github.com/php-fig/http-message",
            "keywords": [
                "http",
                "http-message",
                "psr",
                "psr-7",
                "request",
                "response"
            ],
            "time": "2016-08-06T14:39:51+00:00"
        }
    ],
    "packages-dev": [],
    "aliases": [],
    "minimum-stability": "stable",
    "stability-flags": [],
    "prefer-stable": false,
    "prefer-lowest": false,
    "platform": {
        "php": ">=5.5"
    },
    "platform-dev": []
}
